
Microsoft Visual Studio Solution File, Format Version 12.00
# Visual Studio Version 17
VisualStudioVersion = 17.4.33205.214
MinimumVisualStudioVersion = 10.0.40219.1
Project("{FAE04EC0-301F-11D3-BF4B-00C04F79EFBC}") = "BehavioralDessignPatternApp", "BehavioralDessignPatternApp\BehavioralDessignPatternApp.csproj", "{99524300-93BF-4482-A615-64C8CC8E991E}"
EndProject
Global
	GlobalSection(SolutionConfigurationPlatforms) = preSolution
		Debug|Any CPU = Debug|Any CPU
		Release|Any CPU = Release|Any CPU
	EndGlobalSection
	GlobalSection(ProjectConfigurationPlatforms) = postSolution
		{99524300-93BF-4482-A615-64C8CC8E991E}.Debug|Any CPU.ActiveCfg = Debug|Any CPU
		{99524300-93BF-4482-A615-64C8CC8E991E}.Debug|Any CPU.Build.0 = Debug|Any CPU
		{99524300-93BF-4482-A615-64C8CC8E991E}.Release|Any CPU.ActiveCfg = Release|Any CPU
		{99524300-93BF-4482-A615-64C8CC8E991E}.Release|Any CPU.Build.0 = Release|Any CPU
	EndGlobalSection
	GlobalSection(SolutionProperties) = preSolution
		HideSolutionNode = FALSE
	EndGlobalSection
	GlobalSection(ExtensibilityGlobals) = postSolution
		SolutionGuid = {D6D261AD-364D-4F97-B428-247F38A52FF2}
	EndGlobalSection
EndGlobal
